// !$*UTF8*$!
{
	archiveVersion = 1;
	classes = {
	};
	objectVersion = 77;
	objects = {

/* Begin PBXContainerItemProxy section */
		6E5E490F2DFAE9CC00E8B94A /* PBXContainerItemProxy */ = {
			isa = PBXContainerItemProxy;
			containerPortal = 6E5E48F52DFAE9C900E8B94A /* Project object */;
			proxyType = 1;
			remoteGlobalIDString = 6E5E48FC2DFAE9CA00E8B94A;
			remoteInfo = ubierz.sie;
		};
		6E5E49192DFAE9CC00E8B94A /* PBXContainerItemProxy */ = {
			isa = PBXContainerItemProxy;
			containerPortal = 6E5E48F52DFAE9C900E8B94A /* Project object */;
			proxyType = 1;
			remoteGlobalIDString = 6E5E48FC2DFAE9CA00E8B94A;
			remoteInfo = ubierz.sie;
		};
/* End PBXContainerItemProxy section */

/* Begin PBXFileReference section */
		6E5E48FD2DFAE9CA00E8B94A /* ubierz.sie.app */ = {isa = PBXFileReference; explicitFileType = wrapper.application; includeInIndex = 0; path = ubierz.sie.app; sourceTree = BUILT_PRODUCTS_DIR; };
		6E5E490E2DFAE9CC00E8B94A /* ubierz.sieTests.xctest */ = {isa = PBXFileReference; explicitFileType = wrapper.cfbundle; includeInIndex = 0; path = ubierz.sieTests.xctest; sourceTree = BUILT_PRODUCTS_DIR; };
		6E5E49182DFAE9CC00E8B94A /* ubierz.sieUITests.xctest */ = {isa = PBXFileReference; explicitFileType = wrapper.cfbundle; includeInIndex = 0; path = ubierz.sieUITests.xctest; sourceTree = BUILT_PRODUCTS_DIR; };
/* End PBXFileReference section */

/* Begin PBXFileSystemSynchronizedBuildFileExceptionSet section */
		6E5E49202DFAE9CC00E8B94A /* Exceptions for "ubierz.sie" folder in "ubierz.sie" target */ = {
			isa = PBXFileSystemSynchronizedBuildFileExceptionSet;
			membershipExceptions = (
				Info.plist,
			);
			target = 6E5E48FC2DFAE9CA00E8B94A /* ubierz.sie */;
		};
/* End PBXFileSystemSynchronizedBuildFileExceptionSet section */

/* Begin PBXFileSystemSynchronizedRootGroup section */
		6E5E48FF2DFAE9CA00E8B94A /* ubierz.sie */ = {
			isa = PBXFileSystemSynchronizedRootGroup;
			exceptions = (
				6E5E49202DFAE9CC00E8B94A /* Exceptions for "ubierz.sie" folder in "ubierz.sie" target */,
			);
			path = ubierz.sie;
			sourceTree = "<group>";
		};
		6E5E49112DFAE9CC00E8B94A /* ubierz.sieTests */ = {
			isa = PBXFileSystemSynchronizedRootGroup;
			path = ubierz.sieTests;
			sourceTree = "<group>";
		};
		6E5E491B2DFAE9CC00E8B94A /* ubierz.sieUITests */ = {
			isa = PBXFileSystemSynchronizedRootGroup;
			path = ubierz.sieUITests;
			sourceTree = "<group>";
		};
/* End PBXFileSystemSynchronizedRootGroup section */

/* Begin PBXFrameworksBuildPhase section */
		6E5E48FA2DFAE9CA00E8B94A /* Frameworks */ = {
			isa = PBXFrameworksBuildPhase;
			buildActionMask = 2147483647;
			files = (
			);
			runOnlyForDeploymentPostprocessing = 0;
		};
		6E5E490B2DFAE9CC00E8B94A /* Frameworks */ = {
			isa = PBXFrameworksBuildPhase;
			buildActionMask = 2147483647;
			files = (
			);
			runOnlyForDeploymentPostprocessing = 0;
		};
		6E5E49152DFAE9CC00E8B94A /* Frameworks */ = {
			isa = PBXFrameworksBuildPhase;
			buildActionMask = 2147483647;
			files = (
			);
			runOnlyForDeploymentPostprocessing = 0;
		};
/* End PBXFrameworksBuildPhase section */

/* Begin PBXGroup section */
		6E5E48F42DFAE9C900E8B94A = {
			isa = PBXGroup;
			children = (
				6E5E48FF2DFAE9CA00E8B94A /* ubierz.sie */,
				6E5E49112DFAE9CC00E8B94A /* ubierz.sieTests */,
				6E5E491B2DFAE9CC00E8B94A /* ubierz.sieUITests */,
				6E5E48FE2DFAE9CA00E8B94A /* Products */,
			);
			sourceTree = "<group>";
		};
		6E5E48FE2DFAE9CA00E8B94A /* Products */ = {
			isa = PBXGroup;
			children = (
				6E5E48FD2DFAE9CA00E8B94A /* ubierz.sie.app */,
				6E5E490E2DFAE9CC00E8B94A /* ubierz.sieTests.xctest */,
				6E5E49182DFAE9CC00E8B94A /* ubierz.sieUITests.xctest */,
			);
			name = Products;
			sourceTree = "<group>";
		};
/* End PBXGroup section */

/* Begin PBXNativeTarget section */
		6E5E48FC2DFAE9CA00E8B94A /* ubierz.sie */ = {
			isa = PBXNativeTarget;
			buildConfigurationList = 6E5E49212DFAE9CC00E8B94A /* Build configuration list for PBXNativeTarget "ubierz.sie" */;
			buildPhases = (
				6E5E48F92DFAE9CA00E8B94A /* Sources */,
				6E5E48FA2DFAE9CA00E8B94A /* Frameworks */,
				6E5E48FB2DFAE9CA00E8B94A /* Resources */,
			);
			buildRules = (
			);
			dependencies = (
			);
			fileSystemSynchronizedGroups = (
				6E5E48FF2DFAE9CA00E8B94A /* ubierz.sie */,
			);
			name = ubierz.sie;
			packageProductDependencies = (
			);
			productName = ubierz.sie;
			productReference = 6E5E48FD2DFAE9CA00E8B94A /* ubierz.sie.app */;
			productType = "com.apple.product-type.application";
		};
		6E5E490D2DFAE9CC00E8B94A /* ubierz.sieTests */ = {
			isa = PBXNativeTarget;
			buildConfigurationList = 6E5E49262DFAE9CC00E8B94A /* Build configuration list for PBXNativeTarget "ubierz.sieTests" */;
			buildPhases = (
				6E5E490A2DFAE9CC00E8B94A /* Sources */,
				6E5E490B2DFAE9CC00E8B94A /* Frameworks */,
				6E5E490C2DFAE9CC00E8B94A /* Resources */,
			);
			buildRules = (
			);
			dependencies = (
				6E5E49102DFAE9CC00E8B94A /* PBXTargetDependency */,
			);
			fileSystemSynchronizedGroups = (
				6E5E49112DFAE9CC00E8B94A /* ubierz.sieTests */,
			);
			name = ubierz.sieTests;
			packageProductDependencies = (
			);
			productName = ubierz.sieTests;
			productReference = 6E5E490E2DFAE9CC00E8B94A /* ubierz.sieTests.xctest */;
			productType = "com.apple.product-type.bundle.unit-test";
		};
		6E5E49172DFAE9CC00E8B94A /* ubierz.sieUITests */ = {
			isa = PBXNativeTarget;
			buildConfigurationList = 6E5E49292DFAE9CC00E8B94A /* Build configuration list for PBXNativeTarget "ubierz.sieUITests" */;
			buildPhases = (
				6E5E49142DFAE9CC00E8B94A /* Sources */,
				6E5E49152DFAE9CC00E8B94A /* Frameworks */,
				6E5E49162DFAE9CC00E8B94A /* Resources */,
			);
			buildRules = (
			);
			dependencies = (
				6E5E491A2DFAE9CC00E8B94A /* PBXTargetDependency */,
			);
			fileSystemSynchronizedGroups = (
				6E5E491B2DFAE9CC00E8B94A /* ubierz.sieUITests */,
			);
			name = ubierz.sieUITests;
			packageProductDependencies = (
			);
			productName = ubierz.sieUITests;
			productReference = 6E5E49182DFAE9CC00E8B94A /* ubierz.sieUITests.xctest */;
			productType = "com.apple.product-type.bundle.ui-testing";
		};
/* End PBXNativeTarget section */

/* Begin PBXProject section */
		6E5E48F52DFAE9C900E8B94A /* Project object */ = {
			isa = PBXProject;
			attributes = {
				BuildIndependentTargetsInParallel = 1;
				LastSwiftUpdateCheck = 1630;
				LastUpgradeCheck = 1630;
				TargetAttributes = {
					6E5E48FC2DFAE9CA00E8B94A = {
						CreatedOnToolsVersion = 16.3;
					};
					6E5E490D2DFAE9CC00E8B94A = {
						CreatedOnToolsVersion = 16.3;
						TestTargetID = 6E5E48FC2DFAE9CA00E8B94A;
					};
					6E5E49172DFAE9CC00E8B94A = {
						CreatedOnToolsVersion = 16.3;
						TestTargetID = 6E5E48FC2DFAE9CA00E8B94A;
					};
				};
			};
			buildConfigurationList = 6E5E48F82DFAE9C900E8B94A /* Build configuration list for PBXProject "ubierz.sie" */;
			developmentRegion = en;
			hasScannedForEncodings = 0;
			knownRegions = (
				en,
				Base,
			);
			mainGroup = 6E5E48F42DFAE9C900E8B94A;
			minimizedProjectReferenceProxies = 1;
			preferredProjectObjectVersion = 77;
			productRefGroup = 6E5E48FE2DFAE9CA00E8B94A /* Products */;
			projectDirPath = "";
			projectRoot = "";
			targets = (
				6E5E48FC2DFAE9CA00E8B94A /* ubierz.sie */,
				6E5E490D2DFAE9CC00E8B94A /* ubierz.sieTests */,
				6E5E49172DFAE9CC00E8B94A /* ubierz.sieUITests */,
			);
		};
/* End PBXProject section */

/* Begin PBXResourcesBuildPhase section */
		6E5E48FB2DFAE9CA00E8B94A /* Resources */ = {
			isa = PBXResourcesBuildPhase;
			buildActionMask = 2147483647;
			files = (
			);
			runOnlyForDeploymentPostprocessing = 0;
		};
		6E5E490C2DFAE9CC00E8B94A /* Resources */ = {
			isa = PBXResourcesBuildPhase;
			buildActionMask = 2147483647;
			files = (
			);
			runOnlyForDeploymentPostprocessing = 0;
		};
		6E5E49162DFAE9CC00E8B94A /* Resources */ = {
			isa = PBXResourcesBuildPhase;
			buildActionMask = 2147483647;
			files = (
			);
			runOnlyForDeploymentPostprocessing = 0;
		};
/* End PBXResourcesBuildPhase section */

/* Begin PBXSourcesBuildPhase section */
		6E5E48F92DFAE9CA00E8B94A /* Sources */ = {
			isa = PBXSourcesBuildPhase;
			buildActionMask = 2147483647;
			files = (
			);
			runOnlyForDeploymentPostprocessing = 0;
		};
		6E5E490A2DFAE9CC00E8B94A /* Sources */ = {
			isa = PBXSourcesBuildPhase;
			buildActionMask = 2147483647;
			files = (
			);
			runOnlyForDeploymentPostprocessing = 0;
		};
		6E5E49142DFAE9CC00E8B94A /* Sources */ = {
			isa = PBXSourcesBuildPhase;
			buildActionMask = 2147483647;
			files = (
			);
			runOnlyForDeploymentPostprocessing = 0;
		};
/* End PBXSourcesBuildPhase section */

/* Begin PBXTargetDependency section */
		6E5E49102DFAE9CC00E8B94A /* PBXTargetDependency */ = {
			isa = PBXTargetDependency;
			target = 6E5E48FC2DFAE9CA00E8B94A /* ubierz.sie */;
			targetProxy = 6E5E490F2DFAE9CC00E8B94A /* PBXContainerItemProxy */;
		};
		6E5E491A2DFAE9CC00E8B94A /* PBXTargetDependency */ = {
			isa = PBXTargetDependency;
			target = 6E5E48FC2DFAE9CA00E8B94A /* ubierz.sie */;
			targetProxy = 6E5E49192DFAE9CC00E8B94A /* PBXContainerItemProxy */;
		};
/* End PBXTargetDependency section */

/* Begin XCBuildConfiguration section */
		6E5E49222DFAE9CC00E8B94A /* Debug */ = {
			isa = XCBuildConfiguration;
			buildSettings = {
				ASSETCATALOG_COMPILER_APPICON_NAME = AppIcon;
				ASSETCATALOG_COMPILER_GLOBAL_ACCENT_COLOR_NAME = AccentColor;
				CODE_SIGN_ENTITLEMENTS = ubierz.sie/ubierz_sie.entitlements;
				CODE_SIGN_STYLE = Automatic;
				CURRENT_PROJECT_VERSION = 1;
				ENABLE_PREVIEWS = YES;
				GENERATE_INFOPLIST_FILE = YES;
				INFOPLIST_FILE = ubierz.sie/Info.plist;
				INFOPLIST_KEY_UIApplicationSceneManifest_Generation = YES;
				INFOPLIST_KEY_UIApplicationSupportsIndirectInputEvents = YES;
				INFOPLIST_KEY_UILaunchScreen_Generation = YES;
				INFOPLIST_KEY_UISupportedInterfaceOrientations_iPad = "UIInterfaceOrientationPortrait UIInterfaceOrientationPortraitUpsideDown UIInterfaceOrientationLandscapeLeft UIInterfaceOrientationLandscapeRight";
				INFOPLIST_KEY_UISupportedInterfaceOrientations_iPhone = "UIInterfaceOrientationPortrait UIInterfaceOrientationLandscapeLeft UIInterfaceOrientationLandscapeRight";
				LD_RUNPATH_SEARCH_PATHS = (
					"$(inherited)",
					"@executable_path/Frameworks",
				);
				MARKETING_VERSION = 1.0;
				PRODUCT_BUNDLE_IDENTIFIER = "com.paul.ubierz-sie";
				PRODUCT_NAME = "$(TARGET_NAME)";
				SWIFT_EMIT_LOC_STRINGS = YES;
				SWIFT_VERSION = 5.0;
				TARGETED_DEVICE_FAMILY = "1,2";
			};
			name = Debug;
		};
		6E5E49232DFAE9CC00E8B94A /* Release */ = {
			isa = XCBuildConfiguration;
			buildSettings = {
				ASSETCATALOG_COMPILER_APPICON_NAME = AppIcon;
				ASSETCATALOG_COMPILER_GLOBAL_ACCENT_COLOR_NAME = AccentColor;
				CODE_SIGN_ENTITLEMENTS = ubierz.sie/ubierz_sie.entitlements;
				CODE_SIGN_STYLE = Automatic;
				CURRENT_PROJECT_VERSION = 1;
				ENABLE_PREVIEWS = YES;
				GENERATE_INFOPLIST_FILE = YES;
				INFOPLIST_FILE = ubierz.sie/Info.plist;
				INFOPLIST_KEY_UIApplicationSceneManifest_Generation = YES;
				INFOPLIST_KEY_UIApplicationSupportsIndirectInputEvents = YES;
				INFOPLIST_KEY_UILaunchScreen_Generation = YES;
				INFOPLIST_KEY_UISupportedInterfaceOrientations_iPad = "UIInterfaceOrientationPortrait UIInterfaceOrientationPortraitUpsideDown UIInterfaceOrientationLandscapeLeft UIInterfaceOrientationLandscapeRight";
				INFOPLIST_KEY_UISupportedInterfaceOrientations_iPhone = "UIInterfaceOrientationPortrait UIInterfaceOrientationLandscapeLeft UIInterfaceOrientationLandscapeRight";
				LD_RUNPATH_SEARCH_PATHS = (
					"$(inherited)",
					"@executable_path/Frameworks",
				);
				MARKETING_VERSION = 1.0;
				PRODUCT_BUNDLE_IDENTIFIER = "com.paul.ubierz-sie";
				PRODUCT_NAME = "$(TARGET_NAME)";
				SWIFT_EMIT_LOC_STRINGS = YES;
				SWIFT_VERSION = 5.0;
				TARGETED_DEVICE_FAMILY = "1,2";
			};
			name = Release;
		};
		6E5E49242DFAE9CC00E8B94A /* Debug */ = {
			isa = XCBuildConfiguration;
			buildSettings = {
				ALWAYS_SEARCH_USER_PATHS = NO;
				ASSETCATALOG_COMPILER_GENERATE_SWIFT_ASSET_SYMBOL_EXTENSIONS = YES;
				CLANG_ANALYZER_NONNULL = YES;
				CLANG_ANALYZER_NUMBER_OBJECT_CONVERSION = YES_AGGRESSIVE;
				CLANG_CXX_LANGUAGE_STANDARD = "gnu++20";
				CLANG_ENABLE_MODULES = YES;
				CLANG_ENABLE_OBJC_ARC = YES;
				CLANG_ENABLE_OBJC_WEAK = YES;
				CLANG_WARN_BLOCK_CAPTURE_AUTORELEASING = YES;
				CLANG_WARN_BOOL_CONVERSION = YES;
				CLANG_WARN_COMMA = YES;
				CLANG_WARN_CONSTANT_CONVERSION = YES;
				CLANG_WARN_DEPRECATED_OBJC_IMPLEMENTATIONS = YES;
				CLANG_WARN_DIRECT_OBJC_ISA_USAGE = YES_ERROR;
				CLANG_WARN_DOCUMENTATION_COMMENTS = YES;
				CLANG_WARN_EMPTY_BODY = YES;
				CLANG_WARN_ENUM_CONVERSION = YES;
				CLANG_WARN_INFINITE_RECURSION = YES;
				CLANG_WARN_INT_CONVERSION = YES;
				CLANG_WARN_NON_LITERAL_NULL_CONVERSION = YES;
				CLANG_WARN_OBJC_IMPLICIT_RETAIN_SELF = YES;
				CLANG_WARN_OBJC_LITERAL_CONVERSION = YES;
				CLANG_WARN_OBJC_ROOT_CLASS = YES_ERROR;
				CLANG_WARN_QUOTED_INCLUDE_IN_FRAMEWORK_HEADER = YES;
				CLANG_WARN_RANGE_LOOP_ANALYSIS = YES;
				CLANG_WARN_STRICT_PROTOTYPES = YES;
				CLANG_WARN_SUSPICIOUS_MOVE = YES;
				CLANG_WARN_UNGUARDED_AVAILABILITY = YES_AGGRESSIVE;
				CLANG_WARN_UNREACHABLE_CODE = YES;
				CLANG_WARN__DUPLICATE_METHOD_MATCH = YES;
				COPY_PHASE_STRIP = NO;
				DEBUG_INFORMATION_FORMAT = dwarf;
				ENABLE_STRICT_OBJC_MSGSEND = YES;
				ENABLE_TESTABILITY = YES;
				ENABLE_USER_SCRIPT_SANDBOXING = YES;
				GCC_C_LANGUAGE_STANDARD = gnu17;
				GCC_DYNAMIC_NO_PIC = NO;
				GCC_NO_COMMON_BLOCKS = YES;
				GCC_OPTIMIZATION_LEVEL = 0;
				GCC_PREPROCESSOR_DEFINITIONS = (
					"DEBUG=1",
					"$(inherited)",
				);
				GCC_WARN_64_TO_32_BIT_CONVERSION = YES;
				GCC_WARN_ABOUT_RETURN_TYPE = YES_ERROR;
				GCC_WARN_UNDECLARED_SELECTOR = YES;
				GCC_WARN_UNINITIALIZED_AUTOS = YES_AGGRESSIVE;
				GCC_WARN_UNUSED_FUNCTION = YES;
				GCC_WARN_UNUSED_VARIABLE = YES;
				IPHONEOS_DEPLOYMENT_TARGET = 18.4;
				LOCALIZATION_PREFERS_STRING_CATALOGS = YES;
				MTL_ENABLE_DEBUG_INFO = INCLUDE_SOURCE;
				MTL_FAST_MATH = YES;
				ONLY_ACTIVE_ARCH = YES;
				SDKROOT = iphoneos;
				SWIFT_ACTIVE_COMPILATION_CONDITIONS = "DEBUG $(inherited)";
				SWIFT_OPTIMIZATION_LEVEL = "-Onone";
			};
			name = Debug;
		};
		6E5E49252DFAE9CC00E8B94A /* Release */ = {
			isa = XCBuildConfiguration;
			buildSettings = {
				ALWAYS_SEARCH_USER_PATHS = NO;
				ASSETCATALOG_COMPILER_GENERATE_SWIFT_ASSET_SYMBOL_EXTENSIONS = YES;
				CLANG_ANALYZER_NONNULL = YES;
				CLANG_ANALYZER_NUMBER_OBJECT_CONVERSION = YES_AGGRESSIVE;
				CLANG_CXX_LANGUAGE_STANDARD = "gnu++20";
				CLANG_ENABLE_MODULES = YES;
				CLANG_ENABLE_OBJC_ARC = YES;
				CLANG_ENABLE_OBJC_WEAK = YES;
				CLANG_WARN_BLOCK_CAPTURE_AUTORELEASING = YES;
				CLANG_WARN_BOOL_CONVERSION = YES;
				CLANG_WARN_COMMA = YES;
				CLANG_WARN_CONSTANT_CONVERSION = YES;
				CLANG_WARN_DEPRECATED_OBJC_IMPLEMENTATIONS = YES;
				CLANG_WARN_DIRECT_OBJC_ISA_USAGE = YES_ERROR;
				CLANG_WARN_DOCUMENTATION_COMMENTS = YES;
				CLANG_WARN_EMPTY_BODY = YES;
				CLANG_WARN_ENUM_CONVERSION = YES;
				CLANG_WARN_INFINITE_RECURSION = YES;
				CLANG_WARN_INT_CONVERSION = YES;
				CLANG_WARN_NON_LITERAL_NULL_CONVERSION = YES;
				CLANG_WARN_OBJC_IMPLICIT_RETAIN_SELF = YES;
				CLANG_WARN_OBJC_LITERAL_CONVERSION = YES;
				CLANG_WARN_OBJC_ROOT_CLASS = YES_ERROR;
				CLANG_WARN_QUOTED_INCLUDE_IN_FRAMEWORK_HEADER = YES;
				CLANG_WARN_RANGE_LOOP_ANALYSIS = YES;
				CLANG_WARN_STRICT_PROTOTYPES = YES;
				CLANG_WARN_SUSPICIOUS_MOVE = YES;
				CLANG_WARN_UNGUARDED_AVAILABILITY = YES_AGGRESSIVE;
				CLANG_WARN_UNREACHABLE_CODE = YES;
				CLANG_WARN__DUPLICATE_METHOD_MATCH = YES;
				COPY_PHASE_STRIP = NO;
				DEBUG_INFORMATION_FORMAT = "dwarf-with-dsym";
				ENABLE_NS_ASSERTIONS = NO;
				ENABLE_STRICT_OBJC_MSGSEND = YES;
				ENABLE_USER_SCRIPT_SANDBOXING = YES;
				GCC_C_LANGUAGE_STANDARD = gnu17;
				GCC_NO_COMMON_BLOCKS = YES;
				GCC_WARN_64_TO_32_BIT_CONVERSION = YES;
				GCC_WARN_ABOUT_RETURN_TYPE = YES_ERROR;
				GCC_WARN_UNDECLARED_SELECTOR = YES;
				GCC_WARN_UNINITIALIZED_AUTOS = YES_AGGRESSIVE;
				GCC_WARN_UNUSED_FUNCTION = YES;
				GCC_WARN_UNUSED_VARIABLE = YES;
				IPHONEOS_DEPLOYMENT_TARGET = 18.4;
				LOCALIZATION_PREFERS_STRING_CATALOGS = YES;
				MTL_ENABLE_DEBUG_INFO = NO;
				MTL_FAST_MATH = YES;
				SDKROOT = iphoneos;
				SWIFT_COMPILATION_MODE = wholemodule;
				VALIDATE_PRODUCT = YES;
			};
			name = Release;
		};
		6E5E49272DFAE9CC00E8B94A /* Debug */ = {
			isa = XCBuildConfiguration;
			buildSettings = {
				BUNDLE_LOADER = "$(TEST_HOST)";
				CODE_SIGN_STYLE = Automatic;
				CURRENT_PROJECT_VERSION = 1;
				GENERATE_INFOPLIST_FILE = YES;
				IPHONEOS_DEPLOYMENT_TARGET = 18.4;
				MARKETING_VERSION = 1.0;
				PRODUCT_BUNDLE_IDENTIFIER = "com.paul.ubierz-sieTests";
				PRODUCT_NAME = "$(TARGET_NAME)";
				SWIFT_EMIT_LOC_STRINGS = NO;
				SWIFT_VERSION = 5.0;
				TARGETED_DEVICE_FAMILY = "1,2";
				TEST_HOST = "$(BUILT_PRODUCTS_DIR)/ubierz.sie.app/$(BUNDLE_EXECUTABLE_FOLDER_PATH)/ubierz.sie";
			};
			name = Debug;
		};
		6E5E49282DFAE9CC00E8B94A /* Release */ = {
			isa = XCBuildConfiguration;
			buildSettings = {
				BUNDLE_LOADER = "$(TEST_HOST)";
				CODE_SIGN_STYLE = Automatic;
				CURRENT_PROJECT_VERSION = 1;
				GENERATE_INFOPLIST_FILE = YES;
				IPHONEOS_DEPLOYMENT_TARGET = 18.4;
				MARKETING_VERSION = 1.0;
				PRODUCT_BUNDLE_IDENTIFIER = "com.paul.ubierz-sieTests";
				PRODUCT_NAME = "$(TARGET_NAME)";
				SWIFT_EMIT_LOC_STRINGS = NO;
				SWIFT_VERSION = 5.0;
				TARGETED_DEVICE_FAMILY = "1,2";
				TEST_HOST = "$(BUILT_PRODUCTS_DIR)/ubierz.sie.app/$(BUNDLE_EXECUTABLE_FOLDER_PATH)/ubierz.sie";
			};
			name = Release;
		};
		6E5E492A2DFAE9CC00E8B94A /* Debug */ = {
			isa = XCBuildConfiguration;
			buildSettings = {
				CODE_SIGN_STYLE = Automatic;
				CURRENT_PROJECT_VERSION = 1;
				GENERATE_INFOPLIST_FILE = YES;
				MARKETING_VERSION = 1.0;
				PRODUCT_BUNDLE_IDENTIFIER = "com.paul.ubierz-sieUITests";
				PRODUCT_NAME = "$(TARGET_NAME)";
				SWIFT_EMIT_LOC_STRINGS = NO;
				SWIFT_VERSION = 5.0;
				TARGETED_DEVICE_FAMILY = "1,2";
				TEST_TARGET_NAME = ubierz.sie;
			};
			name = Debug;
		};
		6E5E492B2DFAE9CC00E8B94A /* Release */ = {
			isa = XCBuildConfiguration;
			buildSettings = {
				CODE_SIGN_STYLE = Automatic;
				CURRENT_PROJECT_VERSION = 1;
				GENERATE_INFOPLIST_FILE = YES;
				MARKETING_VERSION = 1.0;
				PRODUCT_BUNDLE_IDENTIFIER = "com.paul.ubierz-sieUITests";
				PRODUCT_NAME = "$(TARGET_NAME)";
				SWIFT_EMIT_LOC_STRINGS = NO;
				SWIFT_VERSION = 5.0;
				TARGETED_DEVICE_FAMILY = "1,2";
				TEST_TARGET_NAME = ubierz.sie;
			};
			name = Release;
		};
/* End XCBuildConfiguration section */

/* Begin XCConfigurationList section */
		6E5E48F82DFAE9C900E8B94A /* Build configuration list for PBXProject "ubierz.sie" */ = {
			isa = XCConfigurationList;
			buildConfigurations = (
				6E5E49242DFAE9CC00E8B94A /* Debug */,
				6E5E49252DFAE9CC00E8B94A /* Release */,
			);
			defaultConfigurationIsVisible = 0;
			defaultConfigurationName = Release;
		};
		6E5E49212DFAE9CC00E8B94A /* Build configuration list for PBXNativeTarget "ubierz.sie" */ = {
			isa = XCConfigurationList;
			buildConfigurations = (
				6E5E49222DFAE9CC00E8B94A /* Debug */,
				6E5E49232DFAE9CC00E8B94A /* Release */,
			);
			defaultConfigurationIsVisible = 0;
			defaultConfigurationName = Release;
		};
		6E5E49262DFAE9CC00E8B94A /* Build configuration list for PBXNativeTarget "ubierz.sieTests" */ = {
			isa = XCConfigurationList;
			buildConfigurations = (
				6E5E49272DFAE9CC00E8B94A /* Debug */,
				6E5E49282DFAE9CC00E8B94A /* Release */,
			);
			defaultConfigurationIsVisible = 0;
			defaultConfigurationName = Release;
		};
		6E5E49292DFAE9CC00E8B94A /* Build configuration list for PBXNativeTarget "ubierz.sieUITests" */ = {
			isa = XCConfigurationList;
			buildConfigurations = (
				6E5E492A2DFAE9CC00E8B94A /* Debug */,
				6E5E492B2DFAE9CC00E8B94A /* Release */,
			);
			defaultConfigurationIsVisible = 0;
			defaultConfigurationName = Release;
		};
/* End XCConfigurationList section */
	};
	rootObject = 6E5E48F52DFAE9C900E8B94A /* Project object */;
}
